[[tools."cargo:cargo-audit"]]
version = "0.22.2"
backend = "cargo:cargo-audit"

[[tools."cargo:cargo-deb"]]
version = "3.7.0"
backend = "cargo:cargo-deb"

[[tools.rust]]
version = "1.93.1"
backend = "core:rust"

[[tools.shellcheck]]
version = "0.10.0"
backend = "aqua:koalaman/shellcheck"
"platforms.linux-arm64" = { url = "https://github.com/koalaman/shellcheck/releases/download/v0.10.0/shellcheck-v0.10.0.linux.aarch64.tar.xz"}
"platforms.linux-arm64-musl" = { url = "https://github.com/koalaman/shellcheck/releases/download/v0.10.0/shellcheck-v0.10.0.linux.aarch64.tar.xz"}
"platforms.linux-x64" = { url = "https://github.com/koalaman/shellcheck/releases/download/v0.10.0/shellcheck-v0.10.0.linux.x86_64.tar.xz"}
"platforms.linux-x64-musl" = { url = "https://github.com/koalaman/shellcheck/releases/download/v0.10.0/shellcheck-v0.10.0.linux.x86_64.tar.xz"}
"platforms.macos-arm64" = { checksum = "blake3:a03f7e89a3ae96103d5a425053566ff0643ce8aa1a0bee7fd0f09da50c18b41c", url = "https://github.com/koalaman/shellcheck/releases/download/v0.10.0/shellcheck-v0.10.0.darwin.aarch64.tar.xz"}
"platforms.macos-x64" = { url = "https://github.com/koalaman/shellcheck/releases/download/v0.10.0/shellcheck-v0.10.0.darwin.x86_64.tar.xz"}
"platforms.windows-x64" = { url = "https://github.com/koalaman/shellcheck/releases/download/v0.10.0/shellcheck-v0.10.0.zip"}
